
Microsoft Visual Studio Solution File, Format Version 12.00
# Visual Studio Version 17
VisualStudioVersion = 17.5.002.0
MinimumVisualStudioVersion = 10.0.40219.1
Project("{9A19103F-16F7-4668-BE54-9A1E7A4F7556}") = "tNavigatorDistributionNode", "tNavigatorDistributionNode.csproj", "{A5B29880-50B1-4336-8312-5CD3BD03EE99}"
EndProject
Global
	GlobalSection(SolutionConfigurationPlatforms) = preSolution
		Debug|Any CPU = Debug|Any CPU
		Release|Any CPU = Release|Any CPU
	EndGlobalSection
	GlobalSection(ProjectConfigurationPlatforms) = postSolution
		{A5B29880-50B1-4336-8312-5CD3BD03EE99}.Debug|Any CPU.ActiveCfg = Debug|Any CPU
		{A5B29880-50B1-4336-8312-5CD3BD03EE99}.Debug|Any CPU.Build.0 = Debug|Any CPU
		{A5B29880-50B1-4336-8312-5CD3BD03EE99}.Release|Any CPU.ActiveCfg = Release|Any CPU
		{A5B29880-50B1-4336-8312-5CD3BD03EE99}.Release|Any CPU.Build.0 = Release|Any CPU
	EndGlobalSection
	GlobalSection(SolutionProperties) = preSolution
		HideSolutionNode = FALSE
	EndGlobalSection
	GlobalSection(ExtensibilityGlobals) = postSolution
		SolutionGuid = {95B6DCC7-17BD-45F3-83F8-D0D1A73695CA}
	EndGlobalSection
EndGlobal
